// !$*UTF8*$!
{
	archiveVersion = 1;
	classes = {
	};
	objectVersion = 52;
	objects = {

/* Begin PBXBuildFile section */
		FB9771542702144300161F45 /* App05_TMDBApp.swift in Sources */ = {isa = PBXBuildFile; fileRef = FB9771532702144300161F45 /* App05_TMDBApp.swift */; };
		FB9771562702144300161F45 /* TMDBView.swift in Sources */ = {isa = PBXBuildFile; fileRef = FB9771552702144300161F45 /* TMDBView.swift */; };
		FB9771582702144400161F45 /* Assets.xcassets in Resources */ = {isa = PBXBuildFile; fileRef = FB9771572702144400161F45 /* Assets.xcassets */; };
		FB97715B2702144400161F45 /* Preview Assets.xcassets in Resources */ = {isa = PBXBuildFile; fileRef = FB97715A2702144400161F45 /* Preview Assets.xcassets */; };
		FB9771642702150B00161F45 /* Alamofire in Frameworks */ = {isa = PBXBuildFile; productRef = FB9771632702150B00161F45 /* Alamofire */; };
		FB9771672702158B00161F45 /* SwiftyJSON in Frameworks */ = {isa = PBXBuildFile; productRef = FB9771662702158B00161F45 /* SwiftyJSON */; };
		FB97716A270215CE00161F45 /* Kingfisher in Frameworks */ = {isa = PBXBuildFile; productRef = FB977169270215CE00161F45 /* Kingfisher */; };
		FB97716D270216B300161F45 /* Genre.swift in Sources */ = {isa = PBXBuildFile; fileRef = FB97716C270216B300161F45 /* Genre.swift */; };
		FB97716F2702189600161F45 /* MediaModel.swift in Sources */ = {isa = PBXBuildFile; fileRef = FB97716E2702189600161F45 /* MediaModel.swift */; };
		FB97717127021A2100161F45 /* TMDBLogin.swift in Sources */ = {isa = PBXBuildFile; fileRef = FB97717027021A2100161F45 /* TMDBLogin.swift */; };
		FB9771732702294E00161F45 /* MoviesView.swift in Sources */ = {isa = PBXBuildFile; fileRef = FB9771722702294E00161F45 /* MoviesView.swift */; };
		FB9771752702295C00161F45 /* SeriesView.swift in Sources */ = {isa = PBXBuildFile; fileRef = FB9771742702295C00161F45 /* SeriesView.swift */; };
		FB97717727022B5400161F45 /* Media.swift in Sources */ = {isa = PBXBuildFile; fileRef = FB97717627022B5400161F45 /* Media.swift */; };
		FB9771792702368600161F45 /* MediaRowView.swift in Sources */ = {isa = PBXBuildFile; fileRef = FB9771782702368600161F45 /* MediaRowView.swift */; };
		FB97717B270239D900161F45 /* MediaDetailView.swift in Sources */ = {isa = PBXBuildFile; fileRef = FB97717A270239D900161F45 /* MediaDetailView.swift */; };
/* End PBXBuildFile section */

/* Begin PBXFileReference section */
		FB9771502702144300161F45 /* App05-TMDB.app */ = {isa = PBXFileReference; explicitFileType = wrapper.application; includeInIndex = 0; path = "App05-TMDB.app"; sourceTree = BUILT_PRODUCTS_DIR; };
		FB9771532702144300161F45 /* App05_TMDBApp.swift */ = {isa = PBXFileReference; lastKnownFileType = sourcecode.swift; path = App05_TMDBApp.swift; sourceTree = "<group>"; };
		FB9771552702144300161F45 /* TMDBView.swift */ = {isa = PBXFileReference; lastKnownFileType = sourcecode.swift; path = TMDBView.swift; sourceTree = "<group>"; };
		FB9771572702144400161F45 /* Assets.xcassets */ = {isa = PBXFileReference; lastKnownFileType = folder.assetcatalog; path = Assets.xcassets; sourceTree = "<group>"; };
		FB97715A2702144400161F45 /* Preview Assets.xcassets */ = {isa = PBXFileReference; lastKnownFileType = folder.assetcatalog; path = "Preview Assets.xcassets"; sourceTree = "<group>"; };
		FB97715C2702144400161F45 /* Info.plist */ = {isa = PBXFileReference; lastKnownFileType = text.plist.xml; path = Info.plist; sourceTree = "<group>"; };
		FB97716C270216B300161F45 /* Genre.swift */ = {isa = PBXFileReference; lastKnownFileType = sourcecode.swift; path = Genre.swift; sourceTree = "<group>"; };
		FB97716E2702189600161F45 /* MediaModel.swift */ = {isa = PBXFileReference; lastKnownFileType = sourcecode.swift; path = MediaModel.swift; sourceTree = "<group>"; };
		FB97717027021A2100161F45 /* TMDBLogin.swift */ = {isa = PBXFileReference; lastKnownFileType = sourcecode.swift; path = TMDBLogin.swift; sourceTree = "<group>"; };
		FB9771722702294E00161F45 /* MoviesView.swift */ = {isa = PBXFileReference; lastKnownFileType = sourcecode.swift; path = MoviesView.swift; sourceTree = "<group>"; };
		FB9771742702295C00161F45 /* SeriesView.swift */ = {isa = PBXFileReference; lastKnownFileType = sourcecode.swift; path = SeriesView.swift; sourceTree = "<group>"; };
		FB97717627022B5400161F45 /* Media.swift */ = {isa = PBXFileReference; lastKnownFileType = sourcecode.swift; path = Media.swift; sourceTree = "<group>"; };
		FB9771782702368600161F45 /* MediaRowView.swift */ = {isa = PBXFileReference; lastKnownFileType = sourcecode.swift; path = MediaRowView.swift; sourceTree = "<group>"; };
		FB97717A270239D900161F45 /* MediaDetailView.swift */ = {isa = PBXFileReference; lastKnownFileType = sourcecode.swift; path = MediaDetailView.swift; sourceTree = "<group>"; };
/* End PBXFileReference section */

/* Begin PBXFrameworksBuildPhase section */
		FB97714D2702144300161F45 /* Frameworks */ = {
			isa = PBXFrameworksBuildPhase;
			buildActionMask = 2147483647;
			files = (
				FB97716A270215CE00161F45 /* Kingfisher in Frameworks */,
				FB9771672702158B00161F45 /* SwiftyJSON in Frameworks */,
				FB9771642702150B00161F45 /* Alamofire in Frameworks */,
			);
			runOnlyForDeploymentPostprocessing = 0;
		};
/* End PBXFrameworksBuildPhase section */

/* Begin PBXGroup section */
		FB9771472702144200161F45 = {
			isa = PBXGroup;
			children = (
				FB9771522702144300161F45 /* App05-TMDB */,
				FB9771512702144300161F45 /* Products */,
			);
			sourceTree = "<group>";
		};
		FB9771512702144300161F45 /* Products */ = {
			isa = PBXGroup;
			children = (
				FB9771502702144300161F45 /* App05-TMDB.app */,
			);
			name = Products;
			sourceTree = "<group>";
		};
		FB9771522702144300161F45 /* App05-TMDB */ = {
			isa = PBXGroup;
			children = (
				FB97716B2702169600161F45 /* Models */,
				FB9771532702144300161F45 /* App05_TMDBApp.swift */,
				FB9771552702144300161F45 /* TMDBView.swift */,
				FB9771722702294E00161F45 /* MoviesView.swift */,
				FB9771782702368600161F45 /* MediaRowView.swift */,
				FB97717A270239D900161F45 /* MediaDetailView.swift */,
				FB9771742702295C00161F45 /* SeriesView.swift */,
				FB9771572702144400161F45 /* Assets.xcassets */,
				FB97715C2702144400161F45 /* Info.plist */,
				FB9771592702144400161F45 /* Preview Content */,
				FB97717027021A2100161F45 /* TMDBLogin.swift */,
			);
			path = "App05-TMDB";
			sourceTree = "<group>";
		};
		FB9771592702144400161F45 /* Preview Content */ = {
			isa = PBXGroup;
			children = (
				FB97715A2702144400161F45 /* Preview Assets.xcassets */,
			);
			path = "Preview Content";
			sourceTree = "<group>";
		};
		FB97716B2702169600161F45 /* Models */ = {
			isa = PBXGroup;
			children = (
				FB97716C270216B300161F45 /* Genre.swift */,
				FB97716E2702189600161F45 /* MediaModel.swift */,
				FB97717627022B5400161F45 /* Media.swift */,
			);
			path = Models;
			sourceTree = "<group>";
		};
/* End PBXGroup section */

/* Begin PBXNativeTarget section */
		FB97714F2702144300161F45 /* App05-TMDB */ = {
			isa = PBXNativeTarget;
			buildConfigurationList = FB97715F2702144400161F45 /* Build configuration list for PBXNativeTarget "App05-TMDB" */;
			buildPhases = (
				FB97714C2702144300161F45 /* Sources */,
				FB97714D2702144300161F45 /* Frameworks */,
				FB97714E2702144300161F45 /* Resources */,
			);
			buildRules = (
			);
			dependencies = (
			);
			name = "App05-TMDB";
			packageProductDependencies = (
				FB9771632702150B00161F45 /* Alamofire */,
				FB9771662702158B00161F45 /* SwiftyJSON */,
				FB977169270215CE00161F45 /* Kingfisher */,
			);
			productName = "App05-TMDB";
			productReference = FB9771502702144300161F45 /* App05-TMDB.app */;
			productType = "com.apple.product-type.application";
		};
/* End PBXNativeTarget section */

/* Begin PBXProject section */
		FB9771482702144200161F45 /* Project object */ = {
			isa = PBXProject;
			attributes = {
				LastSwiftUpdateCheck = 1250;
				LastUpgradeCheck = 1250;
				TargetAttributes = {
					FB97714F2702144300161F45 = {
						CreatedOnToolsVersion = 12.5.1;
					};
				};
			};
			buildConfigurationList = FB97714B2702144200161F45 /* Build configuration list for PBXProject "App05-TMDB" */;
			compatibilityVersion = "Xcode 9.3";
			developmentRegion = en;
			hasScannedForEncodings = 0;
			knownRegions = (
				en,
				Base,
			);
			mainGroup = FB9771472702144200161F45;
			packageReferences = (
				FB9771622702150B00161F45 /* XCRemoteSwiftPackageReference "Alamofire" */,
				FB9771652702158B00161F45 /* XCRemoteSwiftPackageReference "SwiftyJSON" */,
				FB977168270215CE00161F45 /* XCRemoteSwiftPackageReference "Kingfisher" */,
			);
			productRefGroup = FB9771512702144300161F45 /* Products */;
			projectDirPath = "";
			projectRoot = "";
			targets = (
				FB97714F2702144300161F45 /* App05-TMDB */,
			);
		};
/* End PBXProject section */

/* Begin PBXResourcesBuildPhase section */
		FB97714E2702144300161F45 /* Resources */ = {
			isa = PBXResourcesBuildPhase;
			buildActionMask = 2147483647;
			files = (
				FB97715B2702144400161F45 /* Preview Assets.xcassets in Resources */,
				FB9771582702144400161F45 /* Assets.xcassets in Resources */,
			);
			runOnlyForDeploymentPostprocessing = 0;
		};
/* End PBXResourcesBuildPhase section */

/* Begin PBXSourcesBuildPhase section */
		FB97714C2702144300161F45 /* Sources */ = {
			isa = PBXSourcesBuildPhase;
			buildActionMask = 2147483647;
			files = (
				FB97716F2702189600161F45 /* MediaModel.swift in Sources */,
				FB9771732702294E00161F45 /* MoviesView.swift in Sources */,
				FB97716D270216B300161F45 /* Genre.swift in Sources */,
				FB9771562702144300161F45 /* TMDBView.swift in Sources */,
				FB9771542702144300161F45 /* App05_TMDBApp.swift in Sources */,
				FB97717127021A2100161F45 /* TMDBLogin.swift in Sources */,
				FB97717727022B5400161F45 /* Media.swift in Sources */,
				FB9771792702368600161F45 /* MediaRowView.swift in Sources */,
				FB97717B270239D900161F45 /* MediaDetailView.swift in Sources */,
				FB9771752702295C00161F45 /* SeriesView.swift in Sources */,
			);
			runOnlyForDeploymentPostprocessing = 0;
		};
/* End PBXSourcesBuildPhase section */

/* Begin XCBuildConfiguration section */
		FB97715D2702144400161F45 /* Debug */ = {
			isa = XCBuildConfiguration;
			buildSettings = {
				ALWAYS_SEARCH_USER_PATHS = NO;
				CLANG_ANALYZER_NONNULL = YES;
				CLANG_ANALYZER_NUMBER_OBJECT_CONVERSION = YES_AGGRESSIVE;
				CLANG_CXX_LANGUAGE_STANDARD = "gnu++14";
				CLANG_CXX_LIBRARY = "libc++";
				CLANG_ENABLE_MODULES = YES;
				CLANG_ENABLE_OBJC_ARC = YES;
				CLANG_ENABLE_OBJC_WEAK = YES;
				CLANG_WARN_BLOCK_CAPTURE_AUTORELEASING = YES;
				CLANG_WARN_BOOL_CONVERSION = YES;
				CLANG_WARN_COMMA = YES;
				CLANG_WARN_CONSTANT_CONVERSION = YES;
				CLANG_WARN_DEPRECATED_OBJC_IMPLEMENTATIONS = YES;
				CLANG_WARN_DIRECT_OBJC_ISA_USAGE = YES_ERROR;
				CLANG_WARN_DOCUMENTATION_COMMENTS = YES;
				CLANG_WARN_EMPTY_BODY = YES;
				CLANG_WARN_ENUM_CONVERSION = YES;
				CLANG_WARN_INFINITE_RECURSION = YES;
				CLANG_WARN_INT_CONVERSION = YES;
				CLANG_WARN_NON_LITERAL_NULL_CONVERSION = YES;
				CLANG_WARN_OBJC_IMPLICIT_RETAIN_SELF = YES;
				CLANG_WARN_OBJC_LITERAL_CONVERSION = YES;
				CLANG_WARN_OBJC_ROOT_CLASS = YES_ERROR;
				CLANG_WARN_QUOTED_INCLUDE_IN_FRAMEWORK_HEADER = YES;
				CLANG_WARN_RANGE_LOOP_ANALYSIS = YES;
				CLANG_WARN_STRICT_PROTOTYPES = YES;
				CLANG_WARN_SUSPICIOUS_MOVE = YES;
				CLANG_WARN_UNGUARDED_AVAILABILITY = YES_AGGRESSIVE;
				CLANG_WARN_UNREACHABLE_CODE = YES;
				CLANG_WARN__DUPLICATE_METHOD_MATCH = YES;
				COPY_PHASE_STRIP = NO;
				DEBUG_INFORMATION_FORMAT = dwarf;
				ENABLE_STRICT_OBJC_MSGSEND = YES;
				ENABLE_TESTABILITY = YES;
				GCC_C_LANGUAGE_STANDARD = gnu11;
				GCC_DYNAMIC_NO_PIC = NO;
				GCC_NO_COMMON_BLOCKS = YES;
				GCC_OPTIMIZATION_LEVEL = 0;
				GCC_PREPROCESSOR_DEFINITIONS = (
					"DEBUG=1",
					"$(inherited)",
				);
				GCC_WARN_64_TO_32_BIT_CONVERSION = YES;
				GCC_WARN_ABOUT_RETURN_TYPE = YES_ERROR;
				GCC_WARN_UNDECLARED_SELECTOR = YES;
				GCC_WARN_UNINITIALIZED_AUTOS = YES_AGGRESSIVE;
				GCC_WARN_UNUSED_FUNCTION = YES;
				GCC_WARN_UNUSED_VARIABLE = YES;
				IPHONEOS_DEPLOYMENT_TARGET = 14.5;
				MTL_ENABLE_DEBUG_INFO = INCLUDE_SOURCE;
				MTL_FAST_MATH = YES;
				ONLY_ACTIVE_ARCH = YES;
				SDKROOT = iphoneos;
				SWIFT_ACTIVE_COMPILATION_CONDITIONS = DEBUG;
				SWIFT_OPTIMIZATION_LEVEL = "-Onone";
			};
			name = Debug;
		};
		FB97715E2702144400161F45 /* Release */ = {
			isa = XCBuildConfiguration;
			buildSettings = {
				ALWAYS_SEARCH_USER_PATHS = NO;
				CLANG_ANALYZER_NONNULL = YES;
				CLANG_ANALYZER_NUMBER_OBJECT_CONVERSION = YES_AGGRESSIVE;
				CLANG_CXX_LANGUAGE_STANDARD = "gnu++14";
				CLANG_CXX_LIBRARY = "libc++";
				CLANG_ENABLE_MODULES = YES;
				CLANG_ENABLE_OBJC_ARC = YES;
				CLANG_ENABLE_OBJC_WEAK = YES;
				CLANG_WARN_BLOCK_CAPTURE_AUTORELEASING = YES;
				CLANG_WARN_BOOL_CONVERSION = YES;
				CLANG_WARN_COMMA = YES;
				CLANG_WARN_CONSTANT_CONVERSION = YES;
				CLANG_WARN_DEPRECATED_OBJC_IMPLEMENTATIONS = YES;
				CLANG_WARN_DIRECT_OBJC_ISA_USAGE = YES_ERROR;
				CLANG_WARN_DOCUMENTATION_COMMENTS = YES;
				CLANG_WARN_EMPTY_BODY = YES;
				CLANG_WARN_ENUM_CONVERSION = YES;
				CLANG_WARN_INFINITE_RECURSION = YES;
				CLANG_WARN_INT_CONVERSION = YES;
				CLANG_WARN_NON_LITERAL_NULL_CONVERSION = YES;
				CLANG_WARN_OBJC_IMPLICIT_RETAIN_SELF = YES;
				CLANG_WARN_OBJC_LITERAL_CONVERSION = YES;
				CLANG_WARN_OBJC_ROOT_CLASS = YES_ERROR;
				CLANG_WARN_QUOTED_INCLUDE_IN_FRAMEWORK_HEADER = YES;
				CLANG_WARN_RANGE_LOOP_ANALYSIS = YES;
				CLANG_WARN_STRICT_PROTOTYPES = YES;
				CLANG_WARN_SUSPICIOUS_MOVE = YES;
				CLANG_WARN_UNGUARDED_AVAILABILITY = YES_AGGRESSIVE;
				CLANG_WARN_UNREACHABLE_CODE = YES;
				CLANG_WARN__DUPLICATE_METHOD_MATCH = YES;
				COPY_PHASE_STRIP = NO;
				DEBUG_INFORMATION_FORMAT = "dwarf-with-dsym";
				ENABLE_NS_ASSERTIONS = NO;
				ENABLE_STRICT_OBJC_MSGSEND = YES;
				GCC_C_LANGUAGE_STANDARD = gnu11;
				GCC_NO_COMMON_BLOCKS = YES;
				GCC_WARN_64_TO_32_BIT_CONVERSION = YES;
				GCC_WARN_ABOUT_RETURN_TYPE = YES_ERROR;
				GCC_WARN_UNDECLARED_SELECTOR = YES;
				GCC_WARN_UNINITIALIZED_AUTOS = YES_AGGRESSIVE;
				GCC_WARN_UNUSED_FUNCTION = YES;
				GCC_WARN_UNUSED_VARIABLE = YES;
				IPHONEOS_DEPLOYMENT_TARGET = 14.5;
				MTL_ENABLE_DEBUG_INFO = NO;
				MTL_FAST_MATH = YES;
				SDKROOT = iphoneos;
				SWIFT_COMPILATION_MODE = wholemodule;
				SWIFT_OPTIMIZATION_LEVEL = "-O";
				VALIDATE_PRODUCT = YES;
			};
			name = Release;
		};
		FB9771602702144400161F45 /* Debug */ = {
			isa = XCBuildConfiguration;
			buildSettings = {
				ASSETCATALOG_COMPILER_APPICON_NAME = AppIcon;
				ASSETCATALOG_COMPILER_GLOBAL_ACCENT_COLOR_NAME = AccentColor;
				CODE_SIGN_STYLE = Automatic;
				DEVELOPMENT_ASSET_PATHS = "\"App05-TMDB/Preview Content\"";
				DEVELOPMENT_TEAM = JL4L79WG69;
				ENABLE_PREVIEWS = YES;
				INFOPLIST_FILE = "App05-TMDB/Info.plist";
				IPHONEOS_DEPLOYMENT_TARGET = 14.0;
				LD_RUNPATH_SEARCH_PATHS = (
					"$(inherited)",
					"@executable_path/Frameworks",
				);
				PRODUCT_BUNDLE_IDENTIFIER = "ITESM.App05-TMDB";
				PRODUCT_NAME = "$(TARGET_NAME)";
				SWIFT_VERSION = 5.0;
				TARGETED_DEVICE_FAMILY = "1,2";
			};
			name = Debug;
		};
		FB9771612702144400161F45 /* Release */ = {
			isa = XCBuildConfiguration;
			buildSettings = {
				ASSETCATALOG_COMPILER_APPICON_NAME = AppIcon;
				ASSETCATALOG_COMPILER_GLOBAL_ACCENT_COLOR_NAME = AccentColor;
				CODE_SIGN_STYLE = Automatic;
				DEVELOPMENT_ASSET_PATHS = "\"App05-TMDB/Preview Content\"";
				DEVELOPMENT_TEAM = JL4L79WG69;
				ENABLE_PREVIEWS = YES;
				INFOPLIST_FILE = "App05-TMDB/Info.plist";
				IPHONEOS_DEPLOYMENT_TARGET = 14.0;
				LD_RUNPATH_SEARCH_PATHS = (
					"$(inherited)",
					"@executable_path/Frameworks",
				);
				PRODUCT_BUNDLE_IDENTIFIER = "ITESM.App05-TMDB";
				PRODUCT_NAME = "$(TARGET_NAME)";
				SWIFT_VERSION = 5.0;
				TARGETED_DEVICE_FAMILY = "1,2";
			};
			name = Release;
		};
/* End XCBuildConfiguration section */

/* Begin XCConfigurationList section */
		FB97714B2702144200161F45 /* Build configuration list for PBXProject "App05-TMDB" */ = {
			isa = XCConfigurationList;
			buildConfigurations = (
				FB97715D2702144400161F45 /* Debug */,
				FB97715E2702144400161F45 /* Release */,
			);
			defaultConfigurationIsVisible = 0;
			defaultConfigurationName = Release;
		};
		FB97715F2702144400161F45 /* Build configuration list for PBXNativeTarget "App05-TMDB" */ = {
			isa = XCConfigurationList;
			buildConfigurations = (
				FB9771602702144400161F45 /* Debug */,
				FB9771612702144400161F45 /* Release */,
			);
			defaultConfigurationIsVisible = 0;
			defaultConfigurationName = Release;
		};
/* End XCConfigurationList section */

/* Begin XCRemoteSwiftPackageReference section */
		FB9771622702150B00161F45 /* XCRemoteSwiftPackageReference "Alamofire" */ = {
			isa = XCRemoteSwiftPackageReference;
			repositoryURL = "https://github.com/Alamofire/Alamofire.git";
			requirement = {
				kind = upToNextMajorVersion;
				minimumVersion = 5.4.4;
			};
		};
		FB9771652702158B00161F45 /* XCRemoteSwiftPackageReference "SwiftyJSON" */ = {
			isa = XCRemoteSwiftPackageReference;
			repositoryURL = "https://github.com/SwiftyJSON/SwiftyJSON.git";
			requirement = {
				kind = upToNextMajorVersion;
				minimumVersion = 5.0.1;
			};
		};
		FB977168270215CE00161F45 /* XCRemoteSwiftPackageReference "Kingfisher" */ = {
			isa = XCRemoteSwiftPackageReference;
			repositoryURL = "https://github.com/onevcat/Kingfisher.git";
			requirement = {
				kind = upToNextMajorVersion;
				minimumVersion = 7.0.0;
			};
		};
/* End XCRemoteSwiftPackageReference section */

/* Begin XCSwiftPackageProductDependency section */
		FB9771632702150B00161F45 /* Alamofire */ = {
			isa = XCSwiftPackageProductDependency;
			package = FB9771622702150B00161F45 /* XCRemoteSwiftPackageReference "Alamofire" */;
			productName = Alamofire;
		};
		FB9771662702158B00161F45 /* SwiftyJSON */ = {
			isa = XCSwiftPackageProductDependency;
			package = FB9771652702158B00161F45 /* XCRemoteSwiftPackageReference "SwiftyJSON" */;
			productName = SwiftyJSON;
		};
		FB977169270215CE00161F45 /* Kingfisher */ = {
			isa = XCSwiftPackageProductDependency;
			package = FB977168270215CE00161F45 /* XCRemoteSwiftPackageReference "Kingfisher" */;
			productName = Kingfisher;
		};
/* End XCSwiftPackageProductDependency section */
	};
	rootObject = FB9771482702144200161F45 /* Project object */;
}
